
Microsoft Visual Studio Solution File, Format Version 12.00
Project("{FAE04EC0-301F-11D3-BF4B-00C04F79EFBC}") = "SCIRE.Foundation.Abstractions", "src\SCIRE.Foundation.Abstractions\SCIRE.Foundation.Abstractions.csproj", "{CE9B6A28-5ABC-4E8C-9D8B-11618638320E}"
EndProject
Project("{FAE04EC0-301F-11D3-BF4B-00C04F79EFBC}") = "SCIRE.Foundation.Abstractions.Tests", "tests\SCIRE.Foundation.Abstractions.Tests\SCIRE.Foundation.Abstractions.Tests.csproj", "{67A7C3B9-80B1-47C9-A16D-A0ED9CCFF2BE}"
EndProject
Global
	GlobalSection(SolutionConfigurationPlatforms) = preSolution
		Debug|Any CPU = Debug|Any CPU
		Release|Any CPU = Release|Any CPU
	EndGlobalSection
	GlobalSection(ProjectConfigurationPlatforms) = postSolution
		{CE9B6A28-5ABC-4E8C-9D8B-11618638320E}.Debug|Any CPU.ActiveCfg = Debug|Any CPU
		{CE9B6A28-5ABC-4E8C-9D8B-11618638320E}.Debug|Any CPU.Build.0 = Debug|Any CPU
		{CE9B6A28-5ABC-4E8C-9D8B-11618638320E}.Release|Any CPU.ActiveCfg = Release|Any CPU
		{CE9B6A28-5ABC-4E8C-9D8B-11618638320E}.Release|Any CPU.Build.0 = Release|Any CPU
		{67A7C3B9-80B1-47C9-A16D-A0ED9CCFF2BE}.Debug|Any CPU.ActiveCfg = Debug|Any CPU
		{67A7C3B9-80B1-47C9-A16D-A0ED9CCFF2BE}.Debug|Any CPU.Build.0 = Debug|Any CPU
		{67A7C3B9-80B1-47C9-A16D-A0ED9CCFF2BE}.Release|Any CPU.ActiveCfg = Release|Any CPU
		{67A7C3B9-80B1-47C9-A16D-A0ED9CCFF2BE}.Release|Any CPU.Build.0 = Release|Any CPU
	EndGlobalSection
EndGlobal
